
Microsoft Visual Studio Solution File, Format Version 12.00
# Visual Studio Version 17
VisualStudioVersion = 17.14.36414.22
MinimumVisualStudioVersion = 10.0.40219.1
Project("{FAE04EC0-301F-11D3-BF4B-00C04F79EFBC}") = "GestorTareas", "GestorTareas.csproj", "{D0267409-9F5A-4796-A11E-4F91AD4939FD}"
EndProject
Project("{FAE04EC0-301F-11D3-BF4B-00C04F79EFBC}") = "GestorTareas.Test", "GestorTareas.Test\GestorTareas.Test.csproj", "{6166509F-868C-4F03-B48F-3C4C92C40ED9}"
EndProject
Global
	GlobalSection(SolutionConfigurationPlatforms) = preSolution
		Debug|Any CPU = Debug|Any CPU
		Release|Any CPU = Release|Any CPU
	EndGlobalSection
	GlobalSection(ProjectConfigurationPlatforms) = postSolution
		{D0267409-9F5A-4796-A11E-4F91AD4939FD}.Debug|Any CPU.ActiveCfg = Debug|Any CPU
		{D0267409-9F5A-4796-A11E-4F91AD4939FD}.Debug|Any CPU.Build.0 = Debug|Any CPU
		{D0267409-9F5A-4796-A11E-4F91AD4939FD}.Release|Any CPU.ActiveCfg = Release|Any CPU
		{D0267409-9F5A-4796-A11E-4F91AD4939FD}.Release|Any CPU.Build.0 = Release|Any CPU
		{6166509F-868C-4F03-B48F-3C4C92C40ED9}.Debug|Any CPU.ActiveCfg = Debug|Any CPU
		{6166509F-868C-4F03-B48F-3C4C92C40ED9}.Debug|Any CPU.Build.0 = Debug|Any CPU
		{6166509F-868C-4F03-B48F-3C4C92C40ED9}.Release|Any CPU.ActiveCfg = Release|Any CPU
		{6166509F-868C-4F03-B48F-3C4C92C40ED9}.Release|Any CPU.Build.0 = Release|Any CPU
	EndGlobalSection
	GlobalSection(SolutionProperties) = preSolution
		HideSolutionNode = FALSE
	EndGlobalSection
	GlobalSection(ExtensibilityGlobals) = postSolution
		SolutionGuid = {2C2D54CA-4EB7-4D2B-A6CF-1C0AD20C4245}
	EndGlobalSection
EndGlobal
